// !$*UTF8*$!
{
	archiveVersion = 1;
	classes = {
	};
	objectVersion = 46;
	objects = {

/* Begin PBXBuildFile section */
		5C03C3711DF06B030059A3FB /* main.m in Sources */ = {isa = PBXBuildFile; fileRef = 5C03C3701DF06B030059A3FB /* main.m */; };
		5C03C3741DF06B030059A3FB /* AppDelegate.m in Sources */ = {isa = PBXBuildFile; fileRef = 5C03C3731DF06B030059A3FB /* AppDelegate.m */; };
		5C03C3771DF06B030059A3FB /* ViewController.m in Sources */ = {isa = PBXBuildFile; fileRef = 5C03C3761DF06B030059A3FB /* ViewController.m */; };
		5C03C37A1DF06B030059A3FB /* Main.storyboard in Resources */ = {isa = PBXBuildFile; fileRef = 5C03C3781DF06B030059A3FB /* Main.storyboard */; };
		5C03C37C1DF06B030059A3FB /* Assets.xcassets in Resources */ = {isa = PBXBuildFile; fileRef = 5C03C37B1DF06B030059A3FB /* Assets.xcassets */; };
		5C03C37F1DF06B030059A3FB /* LaunchScreen.storyboard in Resources */ = {isa = PBXBuildFile; fileRef = 5C03C37D1DF06B030059A3FB /* LaunchScreen.storyboard */; };
		5C3A77031DF3CE870034A3E4 /* libCordova.a in Frameworks */ = {isa = PBXBuildFile; fileRef = 5C3A77021DF3CE870034A3E4 /* libCordova.a */; };
		5C3A77051DF456890034A3E4 /* config.xml in Resources */ = {isa = PBXBuildFile; fileRef = 5C3A77041DF456890034A3E4 /* config.xml */; };
		5C3A77091DF45B1A0034A3E4 /* CordovaViewController.m in Sources */ = {isa = PBXBuildFile; fileRef = 5C3A77081DF45B1A0034A3E4 /* CordovaViewController.m */; };
		5C3A770C1DF45C270034A3E4 /* AssetsLibrary.framework in Frameworks */ = {isa = PBXBuildFile; fileRef = 5C3A770B1DF45C270034A3E4 /* AssetsLibrary.framework */; };
		5C3A770E1DF45C350034A3E4 /* SystemConfiguration.framework in Frameworks */ = {isa = PBXBuildFile; fileRef = 5C3A770D1DF45C350034A3E4 /* SystemConfiguration.framework */; };
		5C3A77101DF45C440034A3E4 /* Security.framework in Frameworks */ = {isa = PBXBuildFile; fileRef = 5C3A770F1DF45C440034A3E4 /* Security.framework */; };
		5C3A77121DF45C4E0034A3E4 /* QuartzCore.framework in Frameworks */ = {isa = PBXBuildFile; fileRef = 5C3A77111DF45C4E0034A3E4 /* QuartzCore.framework */; };
		5C3A77141DF45C750034A3E4 /* CoreTelephony.framework in Frameworks */ = {isa = PBXBuildFile; fileRef = 5C3A77131DF45C750034A3E4 /* CoreTelephony.framework */; };
		5C3A77161DF45C7C0034A3E4 /* MobileCoreServices.framework in Frameworks */ = {isa = PBXBuildFile; fileRef = 5C3A77151DF45C7C0034A3E4 /* MobileCoreServices.framework */; };
/* End PBXBuildFile section */

/* Begin PBXContainerItemProxy section */
		5C03C3861DF06B030059A3FB /* PBXContainerItemProxy */ = {
			isa = PBXContainerItemProxy;
			containerPortal = 5C03C3641DF06B030059A3FB /* Project object */;
			proxyType = 1;
			remoteGlobalIDString = 5C03C36B1DF06B030059A3FB;
			remoteInfo = CordovaDEMO;
		};
		5C03C3911DF06B030059A3FB /* PBXContainerItemProxy */ = {
			isa = PBXContainerItemProxy;
			containerPortal = 5C03C3641DF06B030059A3FB /* Project object */;
			proxyType = 1;
			remoteGlobalIDString = 5C03C36B1DF06B030059A3FB;
			remoteInfo = CordovaDEMO;
		};
/* End PBXContainerItemProxy section */

/* Begin PBXFileReference section */
		5C03C36C1DF06B030059A3FB /* CordovaDEMO.app */ = {isa = PBXFileReference; explicitFileType = wrapper.application; includeInIndex = 0; path = CordovaDEMO.app; sourceTree = BUILT_PRODUCTS_DIR; };
		5C03C3701DF06B030059A3FB /* main.m */ = {isa = PBXFileReference; lastKnownFileType = sourcecode.c.objc; path = main.m; sourceTree = "<group>"; };
		5C03C3721DF06B030059A3FB /* AppDelegate.h */ = {isa = PBXFileReference; lastKnownFileType = sourcecode.c.h; path = AppDelegate.h; sourceTree = "<group>"; };
		5C03C3731DF06B030059A3FB /* AppDelegate.m */ = {isa = PBXFileReference; lastKnownFileType = sourcecode.c.objc; path = AppDelegate.m; sourceTree = "<group>"; };
		5C03C3751DF06B030059A3FB /* ViewController.h */ = {isa = PBXFileReference; lastKnownFileType = sourcecode.c.h; path = ViewController.h; sourceTree = "<group>"; };
		5C03C3761DF06B030059A3FB /* ViewController.m */ = {isa = PBXFileReference; lastKnownFileType = sourcecode.c.objc; path = ViewController.m; sourceTree = "<group>"; };
		5C03C3791DF06B030059A3FB /* Base */ = {isa = PBXFileReference; lastKnownFileType = file.storyboard; name = Base; path = Base.lproj/Main.storyboard; sourceTree = "<group>"; };
		5C03C37B1DF06B030059A3FB /* Assets.xcassets */ = {isa = PBXFileReference; lastKnownFileType = folder.assetcatalog; path = Assets.xcassets; sourceTree = "<group>"; };
		5C03C37E1DF06B030059A3FB /* Base */ = {isa = PBXFileReference; lastKnownFileType = file.storyboard; name = Base; path = Base.lproj/LaunchScreen.storyboard; sourceTree = "<group>"; };
		5C03C3801DF06B030059A3FB /* Info.plist */ = {isa = PBXFileReference; lastKnownFileType = text.plist.xml; path = Info.plist; sourceTree = "<group>"; };
		5C03C3851DF06B030059A3FB /* CordovaDEMOTests.xctest */ = {isa = PBXFileReference; explicitFileType = wrapper.cfbundle; includeInIndex = 0; path = CordovaDEMOTests.xctest; sourceTree = BUILT_PRODUCTS_DIR; };
		5C03C3901DF06B030059A3FB /* CordovaDEMOUITests.xctest */ = {isa = PBXFileReference; explicitFileType = wrapper.cfbundle; includeInIndex = 0; path = CordovaDEMOUITests.xctest; sourceTree = BUILT_PRODUCTS_DIR; };
		5C3A76E81DF3CE870034A3E4 /* CDV.h */ = {isa = PBXFileReference; fileEncoding = 4; lastKnownFileType = sourcecode.c.h; path = CDV.h; sourceTree = "<group>"; };
		5C3A76E91DF3CE870034A3E4 /* CDVAvailability.h */ = {isa = PBXFileReference; fileEncoding = 4; lastKnownFileType = sourcecode.c.h; path = CDVAvailability.h; sourceTree = "<group>"; };
		5C3A76EA1DF3CE870034A3E4 /* CDVAvailabilityDeprecated.h */ = {isa = PBXFileReference; fileEncoding = 4; lastKnownFileType = sourcecode.c.h; path = CDVAvailabilityDeprecated.h; sourceTree = "<group>"; };
		5C3A76EB1DF3CE870034A3E4 /* CDVCommandDelegate.h */ = {isa = PBXFileReference; fileEncoding = 4; lastKnownFileType = sourcecode.c.h; path = CDVCommandDelegate.h; sourceTree = "<group>"; };
		5C3A76EC1DF3CE870034A3E4 /* CDVCommandDelegateImpl.h */ = {isa = PBXFileReference; fileEncoding = 4; lastKnownFileType = sourcecode.c.h; path = CDVCommandDelegateImpl.h; sourceTree = "<group>"; };
		5C3A76ED1DF3CE870034A3E4 /* CDVCommandQueue.h */ = {isa = PBXFileReference; fileEncoding = 4; lastKnownFileType = sourcecode.c.h; path = CDVCommandQueue.h; sourceTree = "<group>"; };
		5C3A76EE1DF3CE870034A3E4 /* CDVConfigParser.h */ = {isa = PBXFileReference; fileEncoding = 4; lastKnownFileType = sourcecode.c.h; path = CDVConfigParser.h; sourceTree = "<group>"; };
		5C3A76EF1DF3CE870034A3E4 /* CDVDebug.h */ = {isa = PBXFileReference; fileEncoding = 4; lastKnownFileType = sourcecode.c.h; path = CDVDebug.h; sourceTree = "<group>"; };
		5C3A76F01DF3CE870034A3E4 /* CDVInvokedUrlCommand.h */ = {isa = PBXFileReference; fileEncoding = 4; lastKnownFileType = sourcecode.c.h; path = CDVInvokedUrlCommand.h; sourceTree = "<group>"; };
		5C3A76F11DF3CE870034A3E4 /* CDVJSON.h */ = {isa = PBXFileReference; fileEncoding = 4; lastKnownFileType = sourcecode.c.h; path = CDVJSON.h; sourceTree = "<group>"; };
		5C3A76F21DF3CE870034A3E4 /* CDVLocalStorage.h */ = {isa = PBXFileReference; fileEncoding = 4; lastKnownFileType = sourcecode.c.h; path = CDVLocalStorage.h; sourceTree = "<group>"; };
		5C3A76F31DF3CE870034A3E4 /* CDVPlugin.h */ = {isa = PBXFileReference; fileEncoding = 4; lastKnownFileType = sourcecode.c.h; path = CDVPlugin.h; sourceTree = "<group>"; };
		5C3A76F41DF3CE870034A3E4 /* CDVPluginResult.h */ = {isa = PBXFileReference; fileEncoding = 4; lastKnownFileType = sourcecode.c.h; path = CDVPluginResult.h; sourceTree = "<group>"; };
		5C3A76F51DF3CE870034A3E4 /* CDVScreenOrientationDelegate.h */ = {isa = PBXFileReference; fileEncoding = 4; lastKnownFileType = sourcecode.c.h; path = CDVScreenOrientationDelegate.h; sourceTree = "<group>"; };
		5C3A76F61DF3CE870034A3E4 /* CDVShared.h */ = {isa = PBXFileReference; fileEncoding = 4; lastKnownFileType = sourcecode.c.h; path = CDVShared.h; sourceTree = "<group>"; };
		5C3A76F71DF3CE870034A3E4 /* CDVTimer.h */ = {isa = PBXFileReference; fileEncoding = 4; lastKnownFileType = sourcecode.c.h; path = CDVTimer.h; sourceTree = "<group>"; };
		5C3A76F81DF3CE870034A3E4 /* CDVURLProtocol.h */ = {isa = PBXFileReference; fileEncoding = 4; lastKnownFileType = sourcecode.c.h; path = CDVURLProtocol.h; sourceTree = "<group>"; };
		5C3A76F91DF3CE870034A3E4 /* CDVUserAgentUtil.h */ = {isa = PBXFileReference; fileEncoding = 4; lastKnownFileType = sourcecode.c.h; path = CDVUserAgentUtil.h; sourceTree = "<group>"; };
		5C3A76FA1DF3CE870034A3E4 /* CDVViewController.h */ = {isa = PBXFileReference; fileEncoding = 4; lastKnownFileType = sourcecode.c.h; path = CDVViewController.h; sourceTree = "<group>"; };
		5C3A76FB1DF3CE870034A3E4 /* CDVWebViewDelegate.h */ = {isa = PBXFileReference; fileEncoding = 4; lastKnownFileType = sourcecode.c.h; path = CDVWebViewDelegate.h; sourceTree = "<group>"; };
		5C3A76FC1DF3CE870034A3E4 /* CDVWhitelist.h */ = {isa = PBXFileReference; fileEncoding = 4; lastKnownFileType = sourcecode.c.h; path = CDVWhitelist.h; sourceTree = "<group>"; };
		5C3A76FD1DF3CE870034A3E4 /* NSArray+Comparisons.h */ = {isa = PBXFileReference; fileEncoding = 4; lastKnownFileType = sourcecode.c.h; path = "NSArray+Comparisons.h"; sourceTree = "<group>"; };
		5C3A76FE1DF3CE870034A3E4 /* NSData+Base64.h */ = {isa = PBXFileReference; fileEncoding = 4; lastKnownFileType = sourcecode.c.h; path = "NSData+Base64.h"; sourceTree = "<group>"; };
		5C3A76FF1DF3CE870034A3E4 /* NSDictionary+Extensions.h */ = {isa = PBXFileReference; fileEncoding = 4; lastKnownFileType = sourcecode.c.h; path = "NSDictionary+Extensions.h"; sourceTree = "<group>"; };
		5C3A77001DF3CE870034A3E4 /* NSMutableArray+QueueAdditions.h */ = {isa = PBXFileReference; fileEncoding = 4; lastKnownFileType = sourcecode.c.h; path = "NSMutableArray+QueueAdditions.h"; sourceTree = "<group>"; };
		5C3A77011DF3CE870034A3E4 /* UIDevice+Extensions.h */ = {isa = PBXFileReference; fileEncoding = 4; lastKnownFileType = sourcecode.c.h; path = "UIDevice+Extensions.h"; sourceTree = "<group>"; };
		5C3A77021DF3CE870034A3E4 /* libCordova.a */ = {isa = PBXFileReference; lastKnownFileType = archive.ar; path = libCordova.a; sourceTree = "<group>"; };
		5C3A77041DF456890034A3E4 /* config.xml */ = {isa = PBXFileReference; fileEncoding = 4; lastKnownFileType = text.xml; path = config.xml; sourceTree = "<group>"; };
		5C3A77071DF45B1A0034A3E4 /* CordovaViewController.h */ = {isa = PBXFileReference; fileEncoding = 4; lastKnownFileType = sourcecode.c.h; path = CordovaViewController.h; sourceTree = "<group>"; };
		5C3A77081DF45B1A0034A3E4 /* CordovaViewController.m */ = {isa = PBXFileReference; fileEncoding = 4; lastKnownFileType = sourcecode.c.objc; path = CordovaViewController.m; sourceTree = "<group>"; };
		5C3A770B1DF45C270034A3E4 /* AssetsLibrary.framework */ = {isa = PBXFileReference; lastKnownFileType = wrapper.framework; name = AssetsLibrary.framework; path = System/Library/Frameworks/AssetsLibrary.framework; sourceTree = SDKROOT; };
		5C3A770D1DF45C350034A3E4 /* SystemConfiguration.framework */ = {isa = PBXFileReference; lastKnownFileType = wrapper.framework; name = SystemConfiguration.framework; path = System/Library/Frameworks/SystemConfiguration.framework; sourceTree = SDKROOT; };
		5C3A770F1DF45C440034A3E4 /* Security.framework */ = {isa = PBXFileReference; lastKnownFileType = wrapper.framework; name = Security.framework; path = System/Library/Frameworks/Security.framework; sourceTree = SDKROOT; };
		5C3A77111DF45C4E0034A3E4 /* QuartzCore.framework */ = {isa = PBXFileReference; lastKnownFileType = wrapper.framework; name = QuartzCore.framework; path = System/Library/Frameworks/QuartzCore.framework; sourceTree = SDKROOT; };
		5C3A77131DF45C750034A3E4 /* CoreTelephony.framework */ = {isa = PBXFileReference; lastKnownFileType = wrapper.framework; name = CoreTelephony.framework; path = System/Library/Frameworks/CoreTelephony.framework; sourceTree = SDKROOT; };
		5C3A77151DF45C7C0034A3E4 /* MobileCoreServices.framework */ = {isa = PBXFileReference; lastKnownFileType = wrapper.framework; name = MobileCoreServices.framework; path = System/Library/Frameworks/MobileCoreServices.framework; sourceTree = SDKROOT; };
/* End PBXFileReference section */

/* Begin PBXFrameworksBuildPhase section */
		5C03C3691DF06B030059A3FB /* Frameworks */ = {
			isa = PBXFrameworksBuildPhase;
			buildActionMask = 2147483647;
			files = (
				5C3A77161DF45C7C0034A3E4 /* MobileCoreServices.framework in Frameworks */,
				5C3A77141DF45C750034A3E4 /* CoreTelephony.framework in Frameworks */,
				5C3A77121DF45C4E0034A3E4 /* QuartzCore.framework in Frameworks */,
				5C3A77101DF45C440034A3E4 /* Security.framework in Frameworks */,
				5C3A770E1DF45C350034A3E4 /* SystemConfiguration.framework in Frameworks */,
				5C3A770C1DF45C270034A3E4 /* AssetsLibrary.framework in Frameworks */,
				5C3A77031DF3CE870034A3E4 /* libCordova.a in Frameworks */,
			);
			runOnlyForDeploymentPostprocessing = 0;
		};
		5C03C3821DF06B030059A3FB /* Frameworks */ = {
			isa = PBXFrameworksBuildPhase;
			buildActionMask = 2147483647;
			files = (
			);
			runOnlyForDeploymentPostprocessing = 0;
		};
		5C03C38D1DF06B030059A3FB /* Frameworks */ = {
			isa = PBXFrameworksBuildPhase;
			buildActionMask = 2147483647;
			files = (
			);
			runOnlyForDeploymentPostprocessing = 0;
		};
/* End PBXFrameworksBuildPhase section */

/* Begin PBXGroup section */
		5C03C3631DF06B030059A3FB = {
			isa = PBXGroup;
			children = (
				5C03C36E1DF06B030059A3FB /* CordovaDEMO */,
				5C03C36D1DF06B030059A3FB /* Products */,
				5C3A770A1DF45C260034A3E4 /* Frameworks */,
			);
			sourceTree = "<group>";
		};
		5C03C36D1DF06B030059A3FB /* Products */ = {
			isa = PBXGroup;
			children = (
				5C03C36C1DF06B030059A3FB /* CordovaDEMO.app */,
				5C03C3851DF06B030059A3FB /* CordovaDEMOTests.xctest */,
				5C03C3901DF06B030059A3FB /* CordovaDEMOUITests.xctest */,
			);
			name = Products;
			sourceTree = "<group>";
		};
		5C03C36E1DF06B030059A3FB /* CordovaDEMO */ = {
			isa = PBXGroup;
			children = (
				5C3A77061DF457000034A3E4 /* Plugin */,
				5C3A77041DF456890034A3E4 /* config.xml */,
				5C3A76E51DF31E880034A3E4 /* Cordova */,
				5C03C3721DF06B030059A3FB /* AppDelegate.h */,
				5C03C3731DF06B030059A3FB /* AppDelegate.m */,
				5C03C3751DF06B030059A3FB /* ViewController.h */,
				5C03C3761DF06B030059A3FB /* ViewController.m */,
				5C03C3781DF06B030059A3FB /* Main.storyboard */,
				5C03C37B1DF06B030059A3FB /* Assets.xcassets */,
				5C03C37D1DF06B030059A3FB /* LaunchScreen.storyboard */,
				5C03C3801DF06B030059A3FB /* Info.plist */,
				5C03C36F1DF06B030059A3FB /* Supporting Files */,
				5C3A77071DF45B1A0034A3E4 /* CordovaViewController.h */,
				5C3A77081DF45B1A0034A3E4 /* CordovaViewController.m */,
			);
			path = CordovaDEMO;
			sourceTree = "<group>";
		};
		5C03C36F1DF06B030059A3FB /* Supporting Files */ = {
			isa = PBXGroup;
			children = (
				5C03C3701DF06B030059A3FB /* main.m */,
			);
			name = "Supporting Files";
			sourceTree = "<group>";
		};
		5C3A76E51DF31E880034A3E4 /* Cordova */ = {
			isa = PBXGroup;
			children = (
				5C3A76E61DF3CE870034A3E4 /* include */,
				5C3A77021DF3CE870034A3E4 /* libCordova.a */,
			);
			path = Cordova;
			sourceTree = "<group>";
		};
		5C3A76E61DF3CE870034A3E4 /* include */ = {
			isa = PBXGroup;
			children = (
				5C3A76E71DF3CE870034A3E4 /* Cordova */,
			);
			path = include;
			sourceTree = "<group>";
		};
		5C3A76E71DF3CE870034A3E4 /* Cordova */ = {
			isa = PBXGroup;
			children = (
				5C3A76E81DF3CE870034A3E4 /* CDV.h */,
				5C3A76E91DF3CE870034A3E4 /* CDVAvailability.h */,
				5C3A76EA1DF3CE870034A3E4 /* CDVAvailabilityDeprecated.h */,
				5C3A76EB1DF3CE870034A3E4 /* CDVCommandDelegate.h */,
				5C3A76EC1DF3CE870034A3E4 /* CDVCommandDelegateImpl.h */,
				5C3A76ED1DF3CE870034A3E4 /* CDVCommandQueue.h */,
				5C3A76EE1DF3CE870034A3E4 /* CDVConfigParser.h */,
				5C3A76EF1DF3CE870034A3E4 /* CDVDebug.h */,
				5C3A76F01DF3CE870034A3E4 /* CDVInvokedUrlCommand.h */,
				5C3A76F11DF3CE870034A3E4 /* CDVJSON.h */,
				5C3A76F21DF3CE870034A3E4 /* CDVLocalStorage.h */,
				5C3A76F31DF3CE870034A3E4 /* CDVPlugin.h */,
				5C3A76F41DF3CE870034A3E4 /* CDVPluginResult.h */,
				5C3A76F51DF3CE870034A3E4 /* CDVScreenOrientationDelegate.h */,
				5C3A76F61DF3CE870034A3E4 /* CDVShared.h */,
				5C3A76F71DF3CE870034A3E4 /* CDVTimer.h */,
				5C3A76F81DF3CE870034A3E4 /* CDVURLProtocol.h */,
				5C3A76F91DF3CE870034A3E4 /* CDVUserAgentUtil.h */,
				5C3A76FA1DF3CE870034A3E4 /* CDVViewController.h */,
				5C3A76FB1DF3CE870034A3E4 /* CDVWebViewDelegate.h */,
				5C3A76FC1DF3CE870034A3E4 /* CDVWhitelist.h */,
				5C3A76FD1DF3CE870034A3E4 /* NSArray+Comparisons.h */,
				5C3A76FE1DF3CE870034A3E4 /* NSData+Base64.h */,
				5C3A76FF1DF3CE870034A3E4 /* NSDictionary+Extensions.h */,
				5C3A77001DF3CE870034A3E4 /* NSMutableArray+QueueAdditions.h */,
				5C3A77011DF3CE870034A3E4 /* UIDevice+Extensions.h */,
			);
			path = Cordova;
			sourceTree = "<group>";
		};
		5C3A77061DF457000034A3E4 /* Plugin */ = {
			isa = PBXGroup;
			children = (
			);
			path = Plugin;
			sourceTree = "<group>";
		};
		5C3A770A1DF45C260034A3E4 /* Frameworks */ = {
			isa = PBXGroup;
			children = (
				5C3A77151DF45C7C0034A3E4 /* MobileCoreServices.framework */,
				5C3A77131DF45C750034A3E4 /* CoreTelephony.framework */,
				5C3A77111DF45C4E0034A3E4 /* QuartzCore.framework */,
				5C3A770F1DF45C440034A3E4 /* Security.framework */,
				5C3A770D1DF45C350034A3E4 /* SystemConfiguration.framework */,
				5C3A770B1DF45C270034A3E4 /* AssetsLibrary.framework */,
			);
			name = Frameworks;
			sourceTree = "<group>";
		};
/* End PBXGroup section */

/* Begin PBXNativeTarget section */
		5C03C36B1DF06B030059A3FB /* CordovaDEMO */ = {
			isa = PBXNativeTarget;
			buildConfigurationList = 5C03C3991DF06B030059A3FB /* Build configuration list for PBXNativeTarget "CordovaDEMO" */;
			buildPhases = (
				5C03C3681DF06B030059A3FB /* Sources */,
				5C03C3691DF06B030059A3FB /* Frameworks */,
				5C03C36A1DF06B030059A3FB /* Resources */,
			);
			buildRules = (
			);
			dependencies = (
			);
			name = CordovaDEMO;
			productName = CordovaDEMO;
			productReference = 5C03C36C1DF06B030059A3FB /* CordovaDEMO.app */;
			productType = "com.apple.product-type.application";
		};
		5C03C3841DF06B030059A3FB /* CordovaDEMOTests */ = {
			isa = PBXNativeTarget;
			buildConfigurationList = 5C03C39C1DF06B030059A3FB /* Build configuration list for PBXNativeTarget "CordovaDEMOTests" */;
			buildPhases = (
				5C03C3811DF06B030059A3FB /* Sources */,
				5C03C3821DF06B030059A3FB /* Frameworks */,
				5C03C3831DF06B030059A3FB /* Resources */,
			);
			buildRules = (
			);
			dependencies = (
				5C03C3871DF06B030059A3FB /* PBXTargetDependency */,
			);
			name = CordovaDEMOTests;
			productName = CordovaDEMOTests;
			productReference = 5C03C3851DF06B030059A3FB /* CordovaDEMOTests.xctest */;
			productType = "com.apple.product-type.bundle.unit-test";
		};
		5C03C38F1DF06B030059A3FB /* CordovaDEMOUITests */ = {
			isa = PBXNativeTarget;
			buildConfigurationList = 5C03C39F1DF06B030059A3FB /* Build configuration list for PBXNativeTarget "CordovaDEMOUITests" */;
			buildPhases = (
				5C03C38C1DF06B030059A3FB /* Sources */,
				5C03C38D1DF06B030059A3FB /* Frameworks */,
				5C03C38E1DF06B030059A3FB /* Resources */,
			);
			buildRules = (
			);
			dependencies = (
				5C03C3921DF06B030059A3FB /* PBXTargetDependency */,
			);
			name = CordovaDEMOUITests;
			productName = CordovaDEMOUITests;
			productReference = 5C03C3901DF06B030059A3FB /* CordovaDEMOUITests.xctest */;
			productType = "com.apple.product-type.bundle.ui-testing";
		};
/* End PBXNativeTarget section */

/* Begin PBXProject section */
		5C03C3641DF06B030059A3FB /* Project object */ = {
			isa = PBXProject;
			attributes = {
				LastUpgradeCheck = 0810;
				ORGANIZATIONNAME = "杨晓光";
				TargetAttributes = {
					5C03C36B1DF06B030059A3FB = {
						CreatedOnToolsVersion = 8.1;
						DevelopmentTeam = RK2BTW6E76;
						ProvisioningStyle = Automatic;
					};
					5C03C3841DF06B030059A3FB = {
						CreatedOnToolsVersion = 8.1;
						ProvisioningStyle = Automatic;
						TestTargetID = 5C03C36B1DF06B030059A3FB;
					};
					5C03C38F1DF06B030059A3FB = {
						CreatedOnToolsVersion = 8.1;
						ProvisioningStyle = Automatic;
						TestTargetID = 5C03C36B1DF06B030059A3FB;
					};
				};
			};
			buildConfigurationList = 5C03C3671DF06B030059A3FB /* Build configuration list for PBXProject "CordovaDEMO" */;
			compatibilityVersion = "Xcode 3.2";
			developmentRegion = English;
			hasScannedForEncodings = 0;
			knownRegions = (
				en,
				Base,
			);
			mainGroup = 5C03C3631DF06B030059A3FB;
			productRefGroup = 5C03C36D1DF06B030059A3FB /* Products */;
			projectDirPath = "";
			projectRoot = "";
			targets = (
				5C03C36B1DF06B030059A3FB /* CordovaDEMO */,
				5C03C3841DF06B030059A3FB /* CordovaDEMOTests */,
				5C03C38F1DF06B030059A3FB /* CordovaDEMOUITests */,
			);
		};
/* End PBXProject section */

/* Begin PBXResourcesBuildPhase section */
		5C03C36A1DF06B030059A3FB /* Resources */ = {
			isa = PBXResourcesBuildPhase;
			buildActionMask = 2147483647;
			files = (
				5C03C37F1DF06B030059A3FB /* LaunchScreen.storyboard in Resources */,
				5C03C37C1DF06B030059A3FB /* Assets.xcassets in Resources */,
				5C03C37A1DF06B030059A3FB /* Main.storyboard in Resources */,
				5C3A77051DF456890034A3E4 /* config.xml in Resources */,
			);
			runOnlyForDeploymentPostprocessing = 0;
		};
		5C03C3831DF06B030059A3FB /* Resources */ = {
			isa = PBXResourcesBuildPhase;
			buildActionMask = 2147483647;
			files = (
			);
			runOnlyForDeploymentPostprocessing = 0;
		};
		5C03C38E1DF06B030059A3FB /* Resources */ = {
			isa = PBXResourcesBuildPhase;
			buildActionMask = 2147483647;
			files = (
			);
			runOnlyForDeploymentPostprocessing = 0;
		};
/* End PBXResourcesBuildPhase section */

/* Begin PBXSourcesBuildPhase section */
		5C03C3681DF06B030059A3FB /* Sources */ = {
			isa = PBXSourcesBuildPhase;
			buildActionMask = 2147483647;
			files = (
				5C03C3771DF06B030059A3FB /* ViewController.m in Sources */,
				5C03C3741DF06B030059A3FB /* AppDelegate.m in Sources */,
				5C03C3711DF06B030059A3FB /* main.m in Sources */,
				5C3A77091DF45B1A0034A3E4 /* CordovaViewController.m in Sources */,
			);
			runOnlyForDeploymentPostprocessing = 0;
		};
		5C03C3811DF06B030059A3FB /* Sources */ = {
			isa = PBXSourcesBuildPhase;
			buildActionMask = 2147483647;
			files = (
			);
			runOnlyForDeploymentPostprocessing = 0;
		};
		5C03C38C1DF06B030059A3FB /* Sources */ = {
			isa = PBXSourcesBuildPhase;
			buildActionMask = 2147483647;
			files = (
			);
			runOnlyForDeploymentPostprocessing = 0;
		};
/* End PBXSourcesBuildPhase section */

/* Begin PBXTargetDependency section */
		5C03C3871DF06B030059A3FB /* PBXTargetDependency */ = {
			isa = PBXTargetDependency;
			target = 5C03C36B1DF06B030059A3FB /* CordovaDEMO */;
			targetProxy = 5C03C3861DF06B030059A3FB /* PBXContainerItemProxy */;
		};
		5C03C3921DF06B030059A3FB /* PBXTargetDependency */ = {
			isa = PBXTargetDependency;
			target = 5C03C36B1DF06B030059A3FB /* CordovaDEMO */;
			targetProxy = 5C03C3911DF06B030059A3FB /* PBXContainerItemProxy */;
		};
/* End PBXTargetDependency section */

/* Begin PBXVariantGroup section */
		5C03C3781DF06B030059A3FB /* Main.storyboard */ = {
			isa = PBXVariantGroup;
			children = (
				5C03C3791DF06B030059A3FB /* Base */,
			);
			name = Main.storyboard;
			sourceTree = "<group>";
		};
		5C03C37D1DF06B030059A3FB /* LaunchScreen.storyboard */ = {
			isa = PBXVariantGroup;
			children = (
				5C03C37E1DF06B030059A3FB /* Base */,
			);
			name = LaunchScreen.storyboard;
			sourceTree = "<group>";
		};
/* End PBXVariantGroup section */

/* Begin XCBuildConfiguration section */
		5C03C3971DF06B030059A3FB /* Debug */ = {
			isa = XCBuildConfiguration;
			buildSettings = {
				ALWAYS_SEARCH_USER_PATHS = NO;
				CLANG_ANALYZER_NONNULL = YES;
				CLANG_CXX_LANGUAGE_STANDARD = "gnu++0x";
				CLANG_CXX_LIBRARY = "libc++";
				CLANG_ENABLE_MODULES = YES;
				CLANG_ENABLE_OBJC_ARC = YES;
				CLANG_WARN_BOOL_CONVERSION = YES;
				CLANG_WARN_CONSTANT_CONVERSION = YES;
				CLANG_WARN_DIRECT_OBJC_ISA_USAGE = YES_ERROR;
				CLANG_WARN_DOCUMENTATION_COMMENTS = YES;
				CLANG_WARN_EMPTY_BODY = YES;
				CLANG_WARN_ENUM_CONVERSION = YES;
				CLANG_WARN_INFINITE_RECURSION = YES;
				CLANG_WARN_INT_CONVERSION = YES;
				CLANG_WARN_OBJC_ROOT_CLASS = YES_ERROR;
				CLANG_WARN_SUSPICIOUS_MOVES = YES;
				CLANG_WARN_UNREACHABLE_CODE = YES;
				CLANG_WARN__DUPLICATE_METHOD_MATCH = YES;
				"CODE_SIGN_IDENTITY[sdk=iphoneos*]" = "iPhone Developer";
				COPY_PHASE_STRIP = NO;
				DEBUG_INFORMATION_FORMAT = dwarf;
				ENABLE_STRICT_OBJC_MSGSEND = YES;
				ENABLE_TESTABILITY = YES;
				GCC_C_LANGUAGE_STANDARD = gnu99;
				GCC_DYNAMIC_NO_PIC = NO;
				GCC_NO_COMMON_BLOCKS = YES;
				GCC_OPTIMIZATION_LEVEL = 0;
				GCC_PREPROCESSOR_DEFINITIONS = (
					"DEBUG=1",
					"$(inherited)",
				);
				GCC_WARN_64_TO_32_BIT_CONVERSION = YES;
				GCC_WARN_ABOUT_RETURN_TYPE = YES_ERROR;
				GCC_WARN_UNDECLARED_SELECTOR = YES;
				GCC_WARN_UNINITIALIZED_AUTOS = YES_AGGRESSIVE;
				GCC_WARN_UNUSED_FUNCTION = YES;
				GCC_WARN_UNUSED_VARIABLE = YES;
				IPHONEOS_DEPLOYMENT_TARGET = 10.1;
				MTL_ENABLE_DEBUG_INFO = YES;
				ONLY_ACTIVE_ARCH = YES;
				SDKROOT = iphoneos;
			};
			name = Debug;
		};
		5C03C3981DF06B030059A3FB /* Release */ = {
			isa = XCBuildConfiguration;
			buildSettings = {
				ALWAYS_SEARCH_USER_PATHS = NO;
				CLANG_ANALYZER_NONNULL = YES;
				CLANG_CXX_LANGUAGE_STANDARD = "gnu++0x";
				CLANG_CXX_LIBRARY = "libc++";
				CLANG_ENABLE_MODULES = YES;
				CLANG_ENABLE_OBJC_ARC = YES;
				CLANG_WARN_BOOL_CONVERSION = YES;
				CLANG_WARN_CONSTANT_CONVERSION = YES;
				CLANG_WARN_DIRECT_OBJC_ISA_USAGE = YES_ERROR;
				CLANG_WARN_DOCUMENTATION_COMMENTS = YES;
				CLANG_WARN_EMPTY_BODY = YES;
				CLANG_WARN_ENUM_CONVERSION = YES;
				CLANG_WARN_INFINITE_RECURSION = YES;
				CLANG_WARN_INT_CONVERSION = YES;
				CLANG_WARN_OBJC_ROOT_CLASS = YES_ERROR;
				CLANG_WARN_SUSPICIOUS_MOVES = YES;
				CLANG_WARN_UNREACHABLE_CODE = YES;
				CLANG_WARN__DUPLICATE_METHOD_MATCH = YES;
				"CODE_SIGN_IDENTITY[sdk=iphoneos*]" = "iPhone Developer";
				COPY_PHASE_STRIP = NO;
				DEBUG_INFORMATION_FORMAT = "dwarf-with-dsym";
				ENABLE_NS_ASSERTIONS = NO;
				ENABLE_STRICT_OBJC_MSGSEND = YES;
				GCC_C_LANGUAGE_STANDARD = gnu99;
				GCC_NO_COMMON_BLOCKS = YES;
				GCC_WARN_64_TO_32_BIT_CONVERSION = YES;
				GCC_WARN_ABOUT_RETURN_TYPE = YES_ERROR;
				GCC_WARN_UNDECLARED_SELECTOR = YES;
				GCC_WARN_UNINITIALIZED_AUTOS = YES_AGGRESSIVE;
				GCC_WARN_UNUSED_FUNCTION = YES;
				GCC_WARN_UNUSED_VARIABLE = YES;
				IPHONEOS_DEPLOYMENT_TARGET = 10.1;
				MTL_ENABLE_DEBUG_INFO = NO;
				SDKROOT = iphoneos;
				VALIDATE_PRODUCT = YES;
			};
			name = Release;
		};
		5C03C39A1DF06B030059A3FB /* Debug */ = {
			isa = XCBuildConfiguration;
			buildSettings = {
				ASSETCATALOG_COMPILER_APPICON_NAME = AppIcon;
				DEVELOPMENT_TEAM = RK2BTW6E76;
				INFOPLIST_FILE = CordovaDEMO/Info.plist;
				LD_RUNPATH_SEARCH_PATHS = "$(inherited) @executable_path/Frameworks";
				LIBRARY_SEARCH_PATHS = (
					"$(inherited)",
					"$(PROJECT_DIR)/CordovaDEMO/Cordova",
				);
				PRODUCT_BUNDLE_IDENTIFIER = com.yangxiaoguang.CordovaDEMO;
				PRODUCT_NAME = "$(TARGET_NAME)";
			};
			name = Debug;
		};
		5C03C39B1DF06B030059A3FB /* Release */ = {
			isa = XCBuildConfiguration;
			buildSettings = {
				ASSETCATALOG_COMPILER_APPICON_NAME = AppIcon;
				DEVELOPMENT_TEAM = RK2BTW6E76;
				INFOPLIST_FILE = CordovaDEMO/Info.plist;
				LD_RUNPATH_SEARCH_PATHS = "$(inherited) @executable_path/Frameworks";
				LIBRARY_SEARCH_PATHS = (
					"$(inherited)",
					"$(PROJECT_DIR)/CordovaDEMO/Cordova",
				);
				PRODUCT_BUNDLE_IDENTIFIER = com.yangxiaoguang.CordovaDEMO;
				PRODUCT_NAME = "$(TARGET_NAME)";
			};
			name = Release;
		};
		5C03C39D1DF06B030059A3FB /* Debug */ = {
			isa = XCBuildConfiguration;
			buildSettings = {
				BUNDLE_LOADER = "$(TEST_HOST)";
				INFOPLIST_FILE = CordovaDEMOTests/Info.plist;
				LD_RUNPATH_SEARCH_PATHS = "$(inherited) @executable_path/Frameworks @loader_path/Frameworks";
				PRODUCT_BUNDLE_IDENTIFIER = com.yangxiaoguang.CordovaDEMOTests;
				PRODUCT_NAME = "$(TARGET_NAME)";
				TEST_HOST = "$(BUILT_PRODUCTS_DIR)/CordovaDEMO.app/CordovaDEMO";
			};
			name = Debug;
		};
		5C03C39E1DF06B030059A3FB /* Release */ = {
			isa = XCBuildConfiguration;
			buildSettings = {
				BUNDLE_LOADER = "$(TEST_HOST)";
				INFOPLIST_FILE = CordovaDEMOTests/Info.plist;
				LD_RUNPATH_SEARCH_PATHS = "$(inherited) @executable_path/Frameworks @loader_path/Frameworks";
				PRODUCT_BUNDLE_IDENTIFIER = com.yangxiaoguang.CordovaDEMOTests;
				PRODUCT_NAME = "$(TARGET_NAME)";
				TEST_HOST = "$(BUILT_PRODUCTS_DIR)/CordovaDEMO.app/CordovaDEMO";
			};
			name = Release;
		};
		5C03C3A01DF06B030059A3FB /* Debug */ = {
			isa = XCBuildConfiguration;
			buildSettings = {
				INFOPLIST_FILE = CordovaDEMOUITests/Info.plist;
				LD_RUNPATH_SEARCH_PATHS = "$(inherited) @executable_path/Frameworks @loader_path/Frameworks";
				PRODUCT_BUNDLE_IDENTIFIER = com.yangxiaoguang.CordovaDEMOUITests;
				PRODUCT_NAME = "$(TARGET_NAME)";
				TEST_TARGET_NAME = CordovaDEMO;
			};
			name = Debug;
		};
		5C03C3A11DF06B030059A3FB /* Release */ = {
			isa = XCBuildConfiguration;
			buildSettings = {
				INFOPLIST_FILE = CordovaDEMOUITests/Info.plist;
				LD_RUNPATH_SEARCH_PATHS = "$(inherited) @executable_path/Frameworks @loader_path/Frameworks";
				PRODUCT_BUNDLE_IDENTIFIER = com.yangxiaoguang.CordovaDEMOUITests;
				PRODUCT_NAME = "$(TARGET_NAME)";
				TEST_TARGET_NAME = CordovaDEMO;
			};
			name = Release;
		};
/* End XCBuildConfiguration section */

/* Begin XCConfigurationList section */
		5C03C3671DF06B030059A3FB /* Build configuration list for PBXProject "CordovaDEMO" */ = {
			isa = XCConfigurationList;
			buildConfigurations = (
				5C03C3971DF06B030059A3FB /* Debug */,
				5C03C3981DF06B030059A3FB /* Release */,
			);
			defaultConfigurationIsVisible = 0;
			defaultConfigurationName = Release;
		};
		5C03C3991DF06B030059A3FB /* Build configuration list for PBXNativeTarget "CordovaDEMO" */ = {
			isa = XCConfigurationList;
			buildConfigurations = (
				5C03C39A1DF06B030059A3FB /* Debug */,
				5C03C39B1DF06B030059A3FB /* Release */,
			);
			defaultConfigurationIsVisible = 0;
			defaultConfigurationName = Release;
		};
		5C03C39C1DF06B030059A3FB /* Build configuration list for PBXNativeTarget "CordovaDEMOTests" */ = {
			isa = XCConfigurationList;
			buildConfigurations = (
				5C03C39D1DF06B030059A3FB /* Debug */,
				5C03C39E1DF06B030059A3FB /* Release */,
			);
			defaultConfigurationIsVisible = 0;
			defaultConfigurationName = Release;
		};
		5C03C39F1DF06B030059A3FB /* Build configuration list for PBXNativeTarget "CordovaDEMOUITests" */ = {
			isa = XCConfigurationList;
			buildConfigurations = (
				5C03C3A01DF06B030059A3FB /* Debug */,
				5C03C3A11DF06B030059A3FB /* Release */,
			);
			defaultConfigurationIsVisible = 0;
			defaultConfigurationName = Release;
		};
/* End XCConfigurationList section */
	};
	rootObject = 5C03C3641DF06B030059A3FB /* Project object */;
}
